
Microsoft Visual Studio Solution File, Format Version 12.00
# Visual Studio Version 17
VisualStudioVersion = 17.1.32328.378
MinimumVisualStudioVersion = 10.0.40219.1
Project("{9A19103F-16F7-4668-BE54-9A1E7A4F7556}") = "RestWithASPNET", "ResWithASPNET\RestWithASPNET.csproj", "{8809954E-5629-4B34-97CE-B47B0EAE2D8B}"
EndProject
Global
	GlobalSection(SolutionConfigurationPlatforms) = preSolution
		Debug|Any CPU = Debug|Any CPU
		Release|Any CPU = Release|Any CPU
	EndGlobalSection
	GlobalSection(ProjectConfigurationPlatforms) = postSolution
		{8809954E-5629-4B34-97CE-B47B0EAE2D8B}.Debug|Any CPU.ActiveCfg = Debug|Any CPU
		{8809954E-5629-4B34-97CE-B47B0EAE2D8B}.Debug|Any CPU.Build.0 = Debug|Any CPU
		{8809954E-5629-4B34-97CE-B47B0EAE2D8B}.Release|Any CPU.ActiveCfg = Release|Any CPU
		{8809954E-5629-4B34-97CE-B47B0EAE2D8B}.Release|Any CPU.Build.0 = Release|Any CPU
	EndGlobalSection
	GlobalSection(SolutionProperties) = preSolution
		HideSolutionNode = FALSE
	EndGlobalSection
	GlobalSection(ExtensibilityGlobals) = postSolution
		SolutionGuid = {13280CF0-0878-4DD4-9086-BC8445481BC8}
	EndGlobalSection
EndGlobal
